
Microsoft Visual Studio Solution File, Format Version 12.00
# Visual Studio Version 16
VisualStudioVersion = 16.0.30621.155
MinimumVisualStudioVersion = 10.0.40219.1
Project("{FAE04EC0-301F-11D3-BF4B-00C04F79EFBC}") = "FormsTest", "FormsTest\FormsTest.csproj", "{208C6C33-5CFA-4AA5-AEB1-CF37069A429C}"
EndProject
Global
	GlobalSection(SolutionConfigurationPlatforms) = preSolution
		Debug|Any CPU = Debug|Any CPU
		Release|Any CPU = Release|Any CPU
	EndGlobalSection
	GlobalSection(ProjectConfigurationPlatforms) = postSolution
		{208C6C33-5CFA-4AA5-AEB1-CF37069A429C}.Debug|Any CPU.ActiveCfg = Debug|Any CPU
		{208C6C33-5CFA-4AA5-AEB1-CF37069A429C}.Debug|Any CPU.Build.0 = Debug|Any CPU
		{208C6C33-5CFA-4AA5-AEB1-CF37069A429C}.Release|Any CPU.ActiveCfg = Release|Any CPU
		{208C6C33-5CFA-4AA5-AEB1-CF37069A429C}.Release|Any CPU.Build.0 = Release|Any CPU
	EndGlobalSection
	GlobalSection(SolutionProperties) = preSolution
		HideSolutionNode = FALSE
	EndGlobalSection
	GlobalSection(ExtensibilityGlobals) = postSolution
		SolutionGuid = {EF668F82-0B3D-474C-A758-06E85E2C256B}
	EndGlobalSection
EndGlobal
